{
  "object": {
    "pins": [
      {
        "package": "Kingfisher",
        "repositoryURL": "https://github.com/onevcat/Kingfisher.git",
        "state": {
          "branch": null,
          "revision": "ffc614446cab6ae106619606698d642c23ed25be",
          "version": "5.15.3"
        }
      },
      {
        "package": "Realm",
        "repositoryURL": "https://github.com/realm/realm-cocoa",
        "state": {
          "branch": null,
          "revision": "49a9f3474a255b9cf188754c91409d11b4877d7b",
          "version": "10.0.0"
        }
      },
      {
        "package": "RealmCore",
        "repositoryURL": "https://github.com/realm/realm-core",
        "state": {
          "branch": null,
          "revision": "c29f4347aff5d1f61f7672c05ebf1bfbc1d44d25",
          "version": "10.0.0"
        }
      }
    ]
  },
  "version": 1
}
